
Microsoft Visual Studio Solution File, Format Version 12.00
# Visual Studio Version 17
VisualStudioVersion = 17.5.33627.172
MinimumVisualStudioVersion = 10.0.40219.1
Project("{FAE04EC0-301F-11D3-BF4B-00C04F79EFBC}") = "DZ3_Khmeleva", "DZ3_Khmeleva.csproj", "{F5D1BC82-9FA1-4A2F-980C-81013CA15A18}"
EndProject
Global
	GlobalSection(SolutionConfigurationPlatforms) = preSolution
		Debug|Any CPU = Debug|Any CPU
		Release|Any CPU = Release|Any CPU
	EndGlobalSection
	GlobalSection(ProjectConfigurationPlatforms) = postSolution
		{F5D1BC82-9FA1-4A2F-980C-81013CA15A18}.Debug|Any CPU.ActiveCfg = Debug|Any CPU
		{F5D1BC82-9FA1-4A2F-980C-81013CA15A18}.Debug|Any CPU.Build.0 = Debug|Any CPU
		{F5D1BC82-9FA1-4A2F-980C-81013CA15A18}.Release|Any CPU.ActiveCfg = Release|Any CPU
		{F5D1BC82-9FA1-4A2F-980C-81013CA15A18}.Release|Any CPU.Build.0 = Release|Any CPU
	EndGlobalSection
	GlobalSection(SolutionProperties) = preSolution
		HideSolutionNode = FALSE
	EndGlobalSection
	GlobalSection(ExtensibilityGlobals) = postSolution
		SolutionGuid = {E17D2DD4-22C0-43DF-996B-95B083F91366}
	EndGlobalSection
EndGlobal
